
Microsoft Visual Studio Solution File, Format Version 12.00
# Visual Studio Version 17
VisualStudioVersion = 17.4.33110.190
MinimumVisualStudioVersion = 10.0.40219.1
Project("{9A19103F-16F7-4668-BE54-9A1E7A4F7556}") = "WebApiAhirisk", "WebApiAhisrisk\WebApiAhirisk.csproj", "{EB91A657-E851-43BC-97E9-76E088734930}"
EndProject
Project("{9A19103F-16F7-4668-BE54-9A1E7A4F7556}") = "ApplicationCore", "ApplicationCore\ApplicationCore.csproj", "{AF78783E-E756-4561-904E-538065B8A18B}"
EndProject
Project("{9A19103F-16F7-4668-BE54-9A1E7A4F7556}") = "Infrastructure", "Infrastructure\Infrastructure.csproj", "{34CCC62C-0FCB-4E9F-BE65-19043C56243D}"
EndProject
Global
	GlobalSection(SolutionConfigurationPlatforms) = preSolution
		Debug|Any CPU = Debug|Any CPU
		Release|Any CPU = Release|Any CPU
	EndGlobalSection
	GlobalSection(ProjectConfigurationPlatforms) = postSolution
		{EB91A657-E851-43BC-97E9-76E088734930}.Debug|Any CPU.ActiveCfg = Debug|Any CPU
		{EB91A657-E851-43BC-97E9-76E088734930}.Debug|Any CPU.Build.0 = Debug|Any CPU
		{EB91A657-E851-43BC-97E9-76E088734930}.Release|Any CPU.ActiveCfg = Release|Any CPU
		{EB91A657-E851-43BC-97E9-76E088734930}.Release|Any CPU.Build.0 = Release|Any CPU
		{AF78783E-E756-4561-904E-538065B8A18B}.Debug|Any CPU.ActiveCfg = Debug|Any CPU
		{AF78783E-E756-4561-904E-538065B8A18B}.Debug|Any CPU.Build.0 = Debug|Any CPU
		{AF78783E-E756-4561-904E-538065B8A18B}.Release|Any CPU.ActiveCfg = Release|Any CPU
		{AF78783E-E756-4561-904E-538065B8A18B}.Release|Any CPU.Build.0 = Release|Any CPU
		{34CCC62C-0FCB-4E9F-BE65-19043C56243D}.Debug|Any CPU.ActiveCfg = Debug|Any CPU
		{34CCC62C-0FCB-4E9F-BE65-19043C56243D}.Debug|Any CPU.Build.0 = Debug|Any CPU
		{34CCC62C-0FCB-4E9F-BE65-19043C56243D}.Release|Any CPU.ActiveCfg = Release|Any CPU
		{34CCC62C-0FCB-4E9F-BE65-19043C56243D}.Release|Any CPU.Build.0 = Release|Any CPU
	EndGlobalSection
	GlobalSection(SolutionProperties) = preSolution
		HideSolutionNode = FALSE
	EndGlobalSection
	GlobalSection(ExtensibilityGlobals) = postSolution
		SolutionGuid = {D0CDA515-8FEF-4D1F-9099-7F8B88BD1F6C}
	EndGlobalSection
EndGlobal
